
Microsoft Visual Studio Solution File, Format Version 12.00
# Visual Studio 15
VisualStudioVersion = 15.0.26823.1
MinimumVisualStudioVersion = 10.0.40219.1
Project("{9A19103F-16F7-4668-BE54-9A1E7A4F7556}") = "CacheUpFront", "CacheUpFront\CacheUpFront.csproj", "{4BD677A3-6526-40F4-95E2-3B2620B3D975}"
EndProject
Project("{FAE04EC0-301F-11D3-BF4B-00C04F79EFBC}") = "CacheUpFront.Autofac", "CacheUpFront.Autofac\CacheUpFront.Autofac.csproj", "{959096EB-E9B4-4C1B-AB4B-8590B9FF9165}"
EndProject
Global
	GlobalSection(SolutionConfigurationPlatforms) = preSolution
		Debug|Any CPU = Debug|Any CPU
		Release|Any CPU = Release|Any CPU
	EndGlobalSection
	GlobalSection(ProjectConfigurationPlatforms) = postSolution
		{4BD677A3-6526-40F4-95E2-3B2620B3D975}.Debug|Any CPU.ActiveCfg = Debug|Any CPU
		{4BD677A3-6526-40F4-95E2-3B2620B3D975}.Debug|Any CPU.Build.0 = Debug|Any CPU
		{4BD677A3-6526-40F4-95E2-3B2620B3D975}.Release|Any CPU.ActiveCfg = Release|Any CPU
		{4BD677A3-6526-40F4-95E2-3B2620B3D975}.Release|Any CPU.Build.0 = Release|Any CPU
		{959096EB-E9B4-4C1B-AB4B-8590B9FF9165}.Debug|Any CPU.ActiveCfg = Debug|Any CPU
		{959096EB-E9B4-4C1B-AB4B-8590B9FF9165}.Debug|Any CPU.Build.0 = Debug|Any CPU
		{959096EB-E9B4-4C1B-AB4B-8590B9FF9165}.Release|Any CPU.ActiveCfg = Release|Any CPU
		{959096EB-E9B4-4C1B-AB4B-8590B9FF9165}.Release|Any CPU.Build.0 = Release|Any CPU
	EndGlobalSection
	GlobalSection(SolutionProperties) = preSolution
		HideSolutionNode = FALSE
	EndGlobalSection
	GlobalSection(ExtensibilityGlobals) = postSolution
		SolutionGuid = {E6ABDF2E-5CAC-40F6-B225-B244658752F2}
	EndGlobalSection
EndGlobal
